
Microsoft Visual Studio Solution File, Format Version 12.00
# Visual Studio Version 17
VisualStudioVersion = 17.0.31903.59
MinimumVisualStudioVersion = 10.0.40219.1
Project("{2150E333-8FDC-42A3-9474-1A3956D46DE8}") = "src", "src", "{827E0CD3-B72D-47B6-A68D-7590B98EB39B}"
EndProject
Project("{FAE04EC0-301F-11D3-BF4B-00C04F79EFBC}") = "Muonroi.BaseTemplate.API", "src\Muonroi.BaseTemplate.API\Muonroi.BaseTemplate.API.csproj", "{1801D0D9-80E3-461A-9C56-0264BE479179}"
EndProject
Project("{FAE04EC0-301F-11D3-BF4B-00C04F79EFBC}") = "Muonroi.BaseTemplate.Core", "src\Muonroi.BaseTemplate.Core\Muonroi.BaseTemplate.Core.csproj", "{421475ED-917E-4ADD-A065-EF9A76C96F16}"
EndProject
Project("{FAE04EC0-301F-11D3-BF4B-00C04F79EFBC}") = "Muonroi.BaseTemplate.Data", "src\Muonroi.BaseTemplate.Data\Muonroi.BaseTemplate.Data.csproj", "{5CBA2D71-ACEA-430D-8F60-827DE4F03526}"
EndProject
Global
	GlobalSection(SolutionConfigurationPlatforms) = preSolution
		Debug|Any CPU = Debug|Any CPU
		Debug|x64 = Debug|x64
		Debug|x86 = Debug|x86
		Release|Any CPU = Release|Any CPU
		Release|x64 = Release|x64
		Release|x86 = Release|x86
	EndGlobalSection
	GlobalSection(ProjectConfigurationPlatforms) = postSolution
		{1801D0D9-80E3-461A-9C56-0264BE479179}.Debug|Any CPU.ActiveCfg = Debug|Any CPU
		{1801D0D9-80E3-461A-9C56-0264BE479179}.Debug|Any CPU.Build.0 = Debug|Any CPU
		{1801D0D9-80E3-461A-9C56-0264BE479179}.Debug|x64.ActiveCfg = Debug|Any CPU
		{1801D0D9-80E3-461A-9C56-0264BE479179}.Debug|x64.Build.0 = Debug|Any CPU
		{1801D0D9-80E3-461A-9C56-0264BE479179}.Debug|x86.ActiveCfg = Debug|Any CPU
		{1801D0D9-80E3-461A-9C56-0264BE479179}.Debug|x86.Build.0 = Debug|Any CPU
		{1801D0D9-80E3-461A-9C56-0264BE479179}.Release|Any CPU.ActiveCfg = Release|Any CPU
		{1801D0D9-80E3-461A-9C56-0264BE479179}.Release|Any CPU.Build.0 = Release|Any CPU
		{1801D0D9-80E3-461A-9C56-0264BE479179}.Release|x64.ActiveCfg = Release|Any CPU
		{1801D0D9-80E3-461A-9C56-0264BE479179}.Release|x64.Build.0 = Release|Any CPU
		{1801D0D9-80E3-461A-9C56-0264BE479179}.Release|x86.ActiveCfg = Release|Any CPU
		{1801D0D9-80E3-461A-9C56-0264BE479179}.Release|x86.Build.0 = Release|Any CPU
		{421475ED-917E-4ADD-A065-EF9A76C96F16}.Debug|Any CPU.ActiveCfg = Debug|Any CPU
		{421475ED-917E-4ADD-A065-EF9A76C96F16}.Debug|Any CPU.Build.0 = Debug|Any CPU
		{421475ED-917E-4ADD-A065-EF9A76C96F16}.Debug|x64.ActiveCfg = Debug|Any CPU
		{421475ED-917E-4ADD-A065-EF9A76C96F16}.Debug|x64.Build.0 = Debug|Any CPU
		{421475ED-917E-4ADD-A065-EF9A76C96F16}.Debug|x86.ActiveCfg = Debug|Any CPU
		{421475ED-917E-4ADD-A065-EF9A76C96F16}.Debug|x86.Build.0 = Debug|Any CPU
		{421475ED-917E-4ADD-A065-EF9A76C96F16}.Release|Any CPU.ActiveCfg = Release|Any CPU
		{421475ED-917E-4ADD-A065-EF9A76C96F16}.Release|Any CPU.Build.0 = Release|Any CPU
		{421475ED-917E-4ADD-A065-EF9A76C96F16}.Release|x64.ActiveCfg = Release|Any CPU
		{421475ED-917E-4ADD-A065-EF9A76C96F16}.Release|x64.Build.0 = Release|Any CPU
		{421475ED-917E-4ADD-A065-EF9A76C96F16}.Release|x86.ActiveCfg = Release|Any CPU
		{421475ED-917E-4ADD-A065-EF9A76C96F16}.Release|x86.Build.0 = Release|Any CPU
		{5CBA2D71-ACEA-430D-8F60-827DE4F03526}.Debug|Any CPU.ActiveCfg = Debug|Any CPU
		{5CBA2D71-ACEA-430D-8F60-827DE4F03526}.Debug|Any CPU.Build.0 = Debug|Any CPU
		{5CBA2D71-ACEA-430D-8F60-827DE4F03526}.Debug|x64.ActiveCfg = Debug|Any CPU
		{5CBA2D71-ACEA-430D-8F60-827DE4F03526}.Debug|x64.Build.0 = Debug|Any CPU
		{5CBA2D71-ACEA-430D-8F60-827DE4F03526}.Debug|x86.ActiveCfg = Debug|Any CPU
		{5CBA2D71-ACEA-430D-8F60-827DE4F03526}.Debug|x86.Build.0 = Debug|Any CPU
		{5CBA2D71-ACEA-430D-8F60-827DE4F03526}.Release|Any CPU.ActiveCfg = Release|Any CPU
		{5CBA2D71-ACEA-430D-8F60-827DE4F03526}.Release|Any CPU.Build.0 = Release|Any CPU
		{5CBA2D71-ACEA-430D-8F60-827DE4F03526}.Release|x64.ActiveCfg = Release|Any CPU
		{5CBA2D71-ACEA-430D-8F60-827DE4F03526}.Release|x64.Build.0 = Release|Any CPU
		{5CBA2D71-ACEA-430D-8F60-827DE4F03526}.Release|x86.ActiveCfg = Release|Any CPU
		{5CBA2D71-ACEA-430D-8F60-827DE4F03526}.Release|x86.Build.0 = Release|Any CPU
	EndGlobalSection
	GlobalSection(SolutionProperties) = preSolution
		HideSolutionNode = FALSE
	EndGlobalSection
	GlobalSection(NestedProjects) = preSolution
		{1801D0D9-80E3-461A-9C56-0264BE479179} = {827E0CD3-B72D-47B6-A68D-7590B98EB39B}
		{421475ED-917E-4ADD-A065-EF9A76C96F16} = {827E0CD3-B72D-47B6-A68D-7590B98EB39B}
		{5CBA2D71-ACEA-430D-8F60-827DE4F03526} = {827E0CD3-B72D-47B6-A68D-7590B98EB39B}
	EndGlobalSection
EndGlobal
