
Microsoft Visual Studio Solution File, Format Version 12.00
# Visual Studio Version 17
VisualStudioVersion = 17.0.31903.59
MinimumVisualStudioVersion = 10.0.40219.1
Project("{2150E333-8FDC-42A3-9474-1A3956D46DE8}") = "src", "src", "{827E0CD3-B72D-47B6-A68D-7590B98EB39B}"
EndProject
Project("{FAE04EC0-301F-11D3-BF4B-00C04F79EFBC}") = "Muonroi.BaseTemplate.API", "src\Muonroi.BaseTemplate.API\Muonroi.BaseTemplate.API.csproj", "{1FD4DEAD-EE1F-4D23-991D-B4EDC007375A}"
EndProject
Project("{FAE04EC0-301F-11D3-BF4B-00C04F79EFBC}") = "Muonroi.BaseTemplate.Core", "src\Muonroi.BaseTemplate.Core\Muonroi.BaseTemplate.Core.csproj", "{245DF55E-FCD6-49C9-9B98-BF9446D2D32B}"
EndProject
Project("{FAE04EC0-301F-11D3-BF4B-00C04F79EFBC}") = "Muonroi.BaseTemplate.Data", "src\Muonroi.BaseTemplate.Data\Muonroi.BaseTemplate.Data.csproj", "{B235BC48-2F8E-4B92-BEED-89E7CAF692CE}"
EndProject
Global
	GlobalSection(SolutionConfigurationPlatforms) = preSolution
		Debug|Any CPU = Debug|Any CPU
		Debug|x64 = Debug|x64
		Debug|x86 = Debug|x86
		Release|Any CPU = Release|Any CPU
		Release|x64 = Release|x64
		Release|x86 = Release|x86
	EndGlobalSection
	GlobalSection(ProjectConfigurationPlatforms) = postSolution
		{1FD4DEAD-EE1F-4D23-991D-B4EDC007375A}.Debug|Any CPU.ActiveCfg = Debug|Any CPU
		{1FD4DEAD-EE1F-4D23-991D-B4EDC007375A}.Debug|Any CPU.Build.0 = Debug|Any CPU
		{1FD4DEAD-EE1F-4D23-991D-B4EDC007375A}.Debug|x64.ActiveCfg = Debug|Any CPU
		{1FD4DEAD-EE1F-4D23-991D-B4EDC007375A}.Debug|x64.Build.0 = Debug|Any CPU
		{1FD4DEAD-EE1F-4D23-991D-B4EDC007375A}.Debug|x86.ActiveCfg = Debug|Any CPU
		{1FD4DEAD-EE1F-4D23-991D-B4EDC007375A}.Debug|x86.Build.0 = Debug|Any CPU
		{1FD4DEAD-EE1F-4D23-991D-B4EDC007375A}.Release|Any CPU.ActiveCfg = Release|Any CPU
		{1FD4DEAD-EE1F-4D23-991D-B4EDC007375A}.Release|Any CPU.Build.0 = Release|Any CPU
		{1FD4DEAD-EE1F-4D23-991D-B4EDC007375A}.Release|x64.ActiveCfg = Release|Any CPU
		{1FD4DEAD-EE1F-4D23-991D-B4EDC007375A}.Release|x64.Build.0 = Release|Any CPU
		{1FD4DEAD-EE1F-4D23-991D-B4EDC007375A}.Release|x86.ActiveCfg = Release|Any CPU
		{1FD4DEAD-EE1F-4D23-991D-B4EDC007375A}.Release|x86.Build.0 = Release|Any CPU
		{245DF55E-FCD6-49C9-9B98-BF9446D2D32B}.Debug|Any CPU.ActiveCfg = Debug|Any CPU
		{245DF55E-FCD6-49C9-9B98-BF9446D2D32B}.Debug|Any CPU.Build.0 = Debug|Any CPU
		{245DF55E-FCD6-49C9-9B98-BF9446D2D32B}.Debug|x64.ActiveCfg = Debug|Any CPU
		{245DF55E-FCD6-49C9-9B98-BF9446D2D32B}.Debug|x64.Build.0 = Debug|Any CPU
		{245DF55E-FCD6-49C9-9B98-BF9446D2D32B}.Debug|x86.ActiveCfg = Debug|Any CPU
		{245DF55E-FCD6-49C9-9B98-BF9446D2D32B}.Debug|x86.Build.0 = Debug|Any CPU
		{245DF55E-FCD6-49C9-9B98-BF9446D2D32B}.Release|Any CPU.ActiveCfg = Release|Any CPU
		{245DF55E-FCD6-49C9-9B98-BF9446D2D32B}.Release|Any CPU.Build.0 = Release|Any CPU
		{245DF55E-FCD6-49C9-9B98-BF9446D2D32B}.Release|x64.ActiveCfg = Release|Any CPU
		{245DF55E-FCD6-49C9-9B98-BF9446D2D32B}.Release|x64.Build.0 = Release|Any CPU
		{245DF55E-FCD6-49C9-9B98-BF9446D2D32B}.Release|x86.ActiveCfg = Release|Any CPU
		{245DF55E-FCD6-49C9-9B98-BF9446D2D32B}.Release|x86.Build.0 = Release|Any CPU
		{B235BC48-2F8E-4B92-BEED-89E7CAF692CE}.Debug|Any CPU.ActiveCfg = Debug|Any CPU
		{B235BC48-2F8E-4B92-BEED-89E7CAF692CE}.Debug|Any CPU.Build.0 = Debug|Any CPU
		{B235BC48-2F8E-4B92-BEED-89E7CAF692CE}.Debug|x64.ActiveCfg = Debug|Any CPU
		{B235BC48-2F8E-4B92-BEED-89E7CAF692CE}.Debug|x64.Build.0 = Debug|Any CPU
		{B235BC48-2F8E-4B92-BEED-89E7CAF692CE}.Debug|x86.ActiveCfg = Debug|Any CPU
		{B235BC48-2F8E-4B92-BEED-89E7CAF692CE}.Debug|x86.Build.0 = Debug|Any CPU
		{B235BC48-2F8E-4B92-BEED-89E7CAF692CE}.Release|Any CPU.ActiveCfg = Release|Any CPU
		{B235BC48-2F8E-4B92-BEED-89E7CAF692CE}.Release|Any CPU.Build.0 = Release|Any CPU
		{B235BC48-2F8E-4B92-BEED-89E7CAF692CE}.Release|x64.ActiveCfg = Release|Any CPU
		{B235BC48-2F8E-4B92-BEED-89E7CAF692CE}.Release|x64.Build.0 = Release|Any CPU
		{B235BC48-2F8E-4B92-BEED-89E7CAF692CE}.Release|x86.ActiveCfg = Release|Any CPU
		{B235BC48-2F8E-4B92-BEED-89E7CAF692CE}.Release|x86.Build.0 = Release|Any CPU
	EndGlobalSection
	GlobalSection(SolutionProperties) = preSolution
		HideSolutionNode = FALSE
	EndGlobalSection
	GlobalSection(NestedProjects) = preSolution
		{1FD4DEAD-EE1F-4D23-991D-B4EDC007375A} = {827E0CD3-B72D-47B6-A68D-7590B98EB39B}
		{245DF55E-FCD6-49C9-9B98-BF9446D2D32B} = {827E0CD3-B72D-47B6-A68D-7590B98EB39B}
		{B235BC48-2F8E-4B92-BEED-89E7CAF692CE} = {827E0CD3-B72D-47B6-A68D-7590B98EB39B}
	EndGlobalSection
EndGlobal
